
Microsoft Visual Studio Solution File, Format Version 12.00
# Visual Studio Version 17
VisualStudioVersion = 17.1.32210.238
MinimumVisualStudioVersion = 10.0.40219.1
Project("{FAE04EC0-301F-11D3-BF4B-00C04F79EFBC}") = "HANDSON2MAY", "HANDSON2MAY\HANDSON2MAY.csproj", "{BF6EED22-6C31-4E1E-97D8-E3D6E98FDFCC}"
EndProject
Global
	GlobalSection(SolutionConfigurationPlatforms) = preSolution
		Debug|Any CPU = Debug|Any CPU
		Release|Any CPU = Release|Any CPU
	EndGlobalSection
	GlobalSection(ProjectConfigurationPlatforms) = postSolution
		{BF6EED22-6C31-4E1E-97D8-E3D6E98FDFCC}.Debug|Any CPU.ActiveCfg = Debug|Any CPU
		{BF6EED22-6C31-4E1E-97D8-E3D6E98FDFCC}.Debug|Any CPU.Build.0 = Debug|Any CPU
		{BF6EED22-6C31-4E1E-97D8-E3D6E98FDFCC}.Release|Any CPU.ActiveCfg = Release|Any CPU
		{BF6EED22-6C31-4E1E-97D8-E3D6E98FDFCC}.Release|Any CPU.Build.0 = Release|Any CPU
	EndGlobalSection
	GlobalSection(SolutionProperties) = preSolution
		HideSolutionNode = FALSE
	EndGlobalSection
	GlobalSection(ExtensibilityGlobals) = postSolution
		SolutionGuid = {EF973ECA-4EAA-4509-A46C-BC3DFB6E3148}
	EndGlobalSection
EndGlobal
